
Microsoft Visual Studio Solution File, Format Version 12.00
# Visual Studio Version 17
VisualStudioVersion = 17.4.33122.133
MinimumVisualStudioVersion = 10.0.40219.1
Project("{FAE04EC0-301F-11D3-BF4B-00C04F79EFBC}") = "ThirdTask", "ThirdTask\ThirdTask.csproj", "{F70E1846-24BB-419C-90B0-8D60217C38C6}"
EndProject
Global
	GlobalSection(SolutionConfigurationPlatforms) = preSolution
		Debug|Any CPU = Debug|Any CPU
		Release|Any CPU = Release|Any CPU
	EndGlobalSection
	GlobalSection(ProjectConfigurationPlatforms) = postSolution
		{F70E1846-24BB-419C-90B0-8D60217C38C6}.Debug|Any CPU.ActiveCfg = Debug|Any CPU
		{F70E1846-24BB-419C-90B0-8D60217C38C6}.Debug|Any CPU.Build.0 = Debug|Any CPU
		{F70E1846-24BB-419C-90B0-8D60217C38C6}.Release|Any CPU.ActiveCfg = Release|Any CPU
		{F70E1846-24BB-419C-90B0-8D60217C38C6}.Release|Any CPU.Build.0 = Release|Any CPU
	EndGlobalSection
	GlobalSection(SolutionProperties) = preSolution
		HideSolutionNode = FALSE
	EndGlobalSection
	GlobalSection(ExtensibilityGlobals) = postSolution
		SolutionGuid = {F7C2BA7F-9E59-458B-9B41-973F5207BD9C}
	EndGlobalSection
EndGlobal
